<?xml version="1.0" encoding="utf-8"?>
<Project ToolsVersion="4.0" xmlns="http://schemas.microsoft.com/developer/msbuild/2003">
  <ItemGroup>
    <Filter Include="Source Files">
      <UniqueIdentifier>{4FC737F1-C7A5-4376-A066-2A32D752A2FF}</UniqueIdentifier>
      <Extensions>cpp;c;cc;cxx;def;odl;idl;hpj;bat;asm;asmx</Extensions>
    </Filter>
    <Filter Include="Header Files">
      <UniqueIdentifier>{93995380-89BD-4b04-88EB-625FBE52EBFB}</UniqueIdentifier>
      <Extensions>h;hh;hpp;hxx;hm;inl;inc;ipp;xsd</Extensions>
    </Filter>
    <Filter Include="Header Files\创建型模式">
      <UniqueIdentifier>{fd263df0-c063-4b1a-88ca-b9c823746a2a}</UniqueIdentifier>
    </Filter>
    <Filter Include="Header Files\创建型模式\AbstractFactory 抽象工厂">
      <UniqueIdentifier>{e3a2e7ec-5ecb-4a71-89a9-7d05e5903095}</UniqueIdentifier>
    </Filter>
    <Filter Include="Header Files\产品">
      <UniqueIdentifier>{146110e8-a044-4d7d-963d-a219f61a1ed2}</UniqueIdentifier>
    </Filter>
    <Filter Include="Source Files\创建型模式">
      <UniqueIdentifier>{29250b6e-a670-4e44-a5a0-34e0ec205c59}</UniqueIdentifier>
    </Filter>
    <Filter Include="Source Files\创建型模式\AbstractFactory 抽象工厂">
      <UniqueIdentifier>{ecbabb65-8d73-4d82-9c8f-a4772ab07306}</UniqueIdentifier>
    </Filter>
    <Filter Include="Header Files\创建型模式\Singleton 单例模式">
      <UniqueIdentifier>{b81f42a5-87ff-4d35-9854-fa1412f860d7}</UniqueIdentifier>
    </Filter>
    <Filter Include="Source Files\创建型模式\Singleton 单例模式">
      <UniqueIdentifier>{e9cfd417-5eff-4667-b991-d4e44dde9d8f}</UniqueIdentifier>
    </Filter>
    <Filter Include="Header Files\创建型模式\Builder 建造者模式">
      <UniqueIdentifier>{13423fbd-3994-40d0-bc9c-51c71af3c574}</UniqueIdentifier>
    </Filter>
    <Filter Include="Source Files\创建型模式\Builder 建造者模式">
      <UniqueIdentifier>{6490bd48-d724-4c9a-84e4-1a0b5f784c7b}</UniqueIdentifier>
    </Filter>
    <Filter Include="Header Files\创建型模式\Factory Method 工厂方法">
      <UniqueIdentifier>{14685f61-83c3-4490-9f2a-3004af349560}</UniqueIdentifier>
    </Filter>
    <Filter Include="Source Files\创建型模式\Factory Method 工厂方法">
      <UniqueIdentifier>{3e0a6526-5c62-42a2-8f3d-61d3ae04a37c}</UniqueIdentifier>
    </Filter>
    <Filter Include="Header Files\创建型模式\Prototype 原型模式">
      <UniqueIdentifier>{6225b408-b3d4-4606-b660-3cfe148b9cd0}</UniqueIdentifier>
    </Filter>
    <Filter Include="Source Files\创建型模式\Prototype 原型模式">
      <UniqueIdentifier>{4f4430e1-643b-4918-9e0a-521a7311b926}</UniqueIdentifier>
    </Filter>
    <Filter Include="Header Files\结构型模式">
      <UniqueIdentifier>{41253f2c-fb8c-4082-8c98-2d51e071ca4c}</UniqueIdentifier>
    </Filter>
    <Filter Include="Header Files\结构型模式\Adapter 适配器模式">
      <UniqueIdentifier>{4141d76c-6eb8-4161-9dca-3cca2017fde0}</UniqueIdentifier>
    </Filter>
    <Filter Include="Source Files\结构型模式">
      <UniqueIdentifier>{092dd6fd-596f-45eb-98ba-e71222ed68fc}</UniqueIdentifier>
    </Filter>
    <Filter Include="Source Files\结构型模式\Adapter 适配器模式">
      <UniqueIdentifier>{449448a3-67d9-4645-9dd2-bd8718b8da5f}</UniqueIdentifier>
    </Filter>
    <Filter Include="Header Files\结构型模式\Bridge 桥接模式">
      <UniqueIdentifier>{1326c220-7855-43bc-b3fb-4e42a8179407}</UniqueIdentifier>
    </Filter>
    <Filter Include="Source Files\结构型模式\Bridge 桥接模式">
      <UniqueIdentifier>{88211c6e-4656-421d-b5db-dd070a988ab0}</UniqueIdentifier>
    </Filter>
    <Filter Include="Header Files\结构型模式\Composite 组合模式">
      <UniqueIdentifier>{649dd44b-c929-48c4-872a-460443764f2e}</UniqueIdentifier>
    </Filter>
    <Filter Include="Source Files\结构型模式\Composite 组合模式">
      <UniqueIdentifier>{dd74fb7f-7175-44d5-853d-99a0e1a8b453}</UniqueIdentifier>
    </Filter>
    <Filter Include="Header Files\结构型模式\Decorator 装饰器">
      <UniqueIdentifier>{9981d2cd-fe0d-4b6c-bbbb-a6e8e65d84e7}</UniqueIdentifier>
    </Filter>
    <Filter Include="Source Files\结构型模式\Decorator 装饰器">
      <UniqueIdentifier>{b02f35ce-7c1d-452d-85ae-c9973932b2cd}</UniqueIdentifier>
    </Filter>
    <Filter Include="Header Files\行为模式">
      <UniqueIdentifier>{46ea6056-844a-4d31-add1-26f6b03f5760}</UniqueIdentifier>
    </Filter>
    <Filter Include="Header Files\行为模式\Observer 观察者模式">
      <UniqueIdentifier>{7c3235c7-c953-43a3-94bf-4a8f3f1bee65}</UniqueIdentifier>
    </Filter>
    <Filter Include="Source Files\行为模式">
      <UniqueIdentifier>{4c3275a2-e3de-411c-bd6d-6987549ac572}</UniqueIdentifier>
    </Filter>
    <Filter Include="Source Files\行为模式\Observer 观察者模式">
      <UniqueIdentifier>{90b08a6c-5701-4362-9008-40a3f28313b1}</UniqueIdentifier>
    </Filter>
    <Filter Include="Header Files\行为模式\Strategy 策略模式">
      <UniqueIdentifier>{9c267011-fe65-409c-bb0a-2242574628ad}</UniqueIdentifier>
    </Filter>
    <Filter Include="Source Files\行为模式\Strategy 策略模式">
      <UniqueIdentifier>{6137d4f2-055f-4d6b-bde8-9bc0c9924c79}</UniqueIdentifier>
    </Filter>
    <Filter Include="Header Files\行为模式\Template Method 模板方法">
      <UniqueIdentifier>{16a491ac-63ee-4958-8cdf-8a72b3ba26e1}</UniqueIdentifier>
    </Filter>
    <Filter Include="Source Files\行为模式\Template Method 模板方法">
      <UniqueIdentifier>{f313636d-4c43-4011-af16-675cc5cffc15}</UniqueIdentifier>
    </Filter>
  </ItemGroup>
  <ItemGroup>
    <ClInclude Include="AbstractFactory.h">
      <Filter>Header Files\创建型模式\AbstractFactory 抽象工厂</Filter>
    </ClInclude>
    <ClInclude Include="Enemy.h">
      <Filter>Header Files\产品</Filter>
    </ClInclude>
    <ClInclude Include="Award.h">
      <Filter>Header Files\产品</Filter>
    </ClInclude>
    <ClInclude Include="Demo.h">
      <Filter>Header Files</Filter>
    </ClInclude>
    <ClInclude Include="Singleton.h">
      <Filter>Header Files\创建型模式\Singleton 单例模式</Filter>
    </ClInclude>
    <ClInclude Include="Builder.h">
      <Filter>Header Files\创建型模式\Builder 建造者模式</Filter>
    </ClInclude>
    <ClInclude Include="EnemyHead.h">
      <Filter>Header Files\产品</Filter>
    </ClInclude>
    <ClInclude Include="EnemyBody.h">
      <Filter>Header Files\产品</Filter>
    </ClInclude>
    <ClInclude Include="FactoryMethod.h">
      <Filter>Header Files\创建型模式\Factory Method 工厂方法</Filter>
    </ClInclude>
    <ClInclude Include="Prototype.h">
      <Filter>Header Files\创建型模式\Prototype 原型模式</Filter>
    </ClInclude>
    <ClInclude Include="Adapter.h">
      <Filter>Header Files\结构型模式\Adapter 适配器模式</Filter>
    </ClInclude>
    <ClInclude Include="AIFactory.h">
      <Filter>Header Files\产品</Filter>
    </ClInclude>
    <ClInclude Include="Bridge.h">
      <Filter>Header Files\结构型模式\Bridge 桥接模式</Filter>
    </ClInclude>
    <ClInclude Include="Composite.h">
      <Filter>Header Files\结构型模式\Composite 组合模式</Filter>
    </ClInclude>
    <ClInclude Include="Decorator.h">
      <Filter>Header Files\结构型模式\Decorator 装饰器</Filter>
    </ClInclude>
    <ClInclude Include="Observer.h">
      <Filter>Header Files\行为模式\Observer 观察者模式</Filter>
    </ClInclude>
    <ClInclude Include="Strategy.h">
      <Filter>Header Files\行为模式\Strategy 策略模式</Filter>
    </ClInclude>
    <ClInclude Include="TemplateMethod.h">
      <Filter>Header Files\行为模式\Template Method 模板方法</Filter>
    </ClInclude>
  </ItemGroup>
  <ItemGroup>
    <ClCompile Include="AbstractFactory.cpp">
      <Filter>Source Files\创建型模式\AbstractFactory 抽象工厂</Filter>
    </ClCompile>
    <ClCompile Include="Main.cpp">
      <Filter>Source Files</Filter>
    </ClCompile>
    <ClCompile Include="Demo.cpp">
      <Filter>Source Files</Filter>
    </ClCompile>
    <ClCompile Include="Singleton.cpp">
      <Filter>Source Files\创建型模式\Singleton 单例模式</Filter>
    </ClCompile>
    <ClCompile Include="Builder.cpp">
      <Filter>Source Files\创建型模式\Builder 建造者模式</Filter>
    </ClCompile>
    <ClCompile Include="FactoryMethod.cpp">
      <Filter>Source Files\创建型模式\Factory Method 工厂方法</Filter>
    </ClCompile>
    <ClCompile Include="Prototype.cpp">
      <Filter>Source Files\创建型模式\Prototype 原型模式</Filter>
    </ClCompile>
    <ClCompile Include="Adapter.cpp">
      <Filter>Source Files\结构型模式\Adapter 适配器模式</Filter>
    </ClCompile>
    <ClCompile Include="Bridge.cpp">
      <Filter>Source Files\结构型模式\Bridge 桥接模式</Filter>
    </ClCompile>
    <ClCompile Include="Composite.cpp">
      <Filter>Source Files\结构型模式\Composite 组合模式</Filter>
    </ClCompile>
    <ClCompile Include="Decorator.cpp">
      <Filter>Source Files\结构型模式\Decorator 装饰器</Filter>
    </ClCompile>
    <ClCompile Include="Observer.cpp">
      <Filter>Source Files\行为模式\Observer 观察者模式</Filter>
    </ClCompile>
    <ClCompile Include="Strategy.cpp">
      <Filter>Source Files\行为模式\Strategy 策略模式</Filter>
    </ClCompile>
    <ClCompile Include="TemplateMethod.cpp">
      <Filter>Source Files\行为模式\Template Method 模板方法</Filter>
    </ClCompile>
  </ItemGroup>
</Project>